
Microsoft Visual Studio Solution File, Format Version 12.00
# Visual Studio Version 16
VisualStudioVersion = 16.0.29709.97
MinimumVisualStudioVersion = 10.0.40219.1
Project("{9A19103F-16F7-4668-BE54-9A1E7A4F7556}") = "StringCalculator.Tests", "..\StringCalculatorTests\StringCalculator.Tests.csproj", "{73B8B046-72FF-4D9D-98A1-013B18ED7D08}"
EndProject
Project("{9A19103F-16F7-4668-BE54-9A1E7A4F7556}") = "StringCalculator.Domain", "..\StringCalculator.Domain\StringCalculator.Domain.csproj", "{0A532A6A-F095-4C2D-A47E-B141CFFAA234}"
EndProject
Project("{2150E333-8FDC-42A3-9474-1A3956D46DE8}") = "RedPencil", "RedPencil", "{A6FEDF54-3E9D-43ED-8C83-470FFC48D790}"
EndProject
Project("{9A19103F-16F7-4668-BE54-9A1E7A4F7556}") = "RedPencil.Domain", "..\RedPencil.Domain\RedPencil.Domain.csproj", "{1FE81C5D-19EB-4F04-8FAE-7A48E751EB58}"
EndProject
Project("{9A19103F-16F7-4668-BE54-9A1E7A4F7556}") = "RedPencil.Tests", "..\RedPencil.Tests\RedPencil.Tests.csproj", "{40581050-24EF-44DE-BC7B-030F9262F0CF}"
EndProject
Project("{9A19103F-16F7-4668-BE54-9A1E7A4F7556}") = "RedPencil.Entity", "..\RedPencil.Entity\RedPencil.Entity.csproj", "{DBA61CAA-F55B-4EA5-A2FB-D1C87B83ED73}"
EndProject
Project("{2150E333-8FDC-42A3-9474-1A3956D46DE8}") = "StringCalculator", "StringCalculator", "{A234D02E-92B6-4170-B71E-8F7CC0FCD7B5}"
EndProject
Global
	GlobalSection(SolutionConfigurationPlatforms) = preSolution
		Debug|Any CPU = Debug|Any CPU
		Release|Any CPU = Release|Any CPU
	EndGlobalSection
	GlobalSection(ProjectConfigurationPlatforms) = postSolution
		{73B8B046-72FF-4D9D-98A1-013B18ED7D08}.Debug|Any CPU.ActiveCfg = Debug|Any CPU
		{73B8B046-72FF-4D9D-98A1-013B18ED7D08}.Debug|Any CPU.Build.0 = Debug|Any CPU
		{73B8B046-72FF-4D9D-98A1-013B18ED7D08}.Release|Any CPU.ActiveCfg = Release|Any CPU
		{73B8B046-72FF-4D9D-98A1-013B18ED7D08}.Release|Any CPU.Build.0 = Release|Any CPU
		{0A532A6A-F095-4C2D-A47E-B141CFFAA234}.Debug|Any CPU.ActiveCfg = Debug|Any CPU
		{0A532A6A-F095-4C2D-A47E-B141CFFAA234}.Debug|Any CPU.Build.0 = Debug|Any CPU
		{0A532A6A-F095-4C2D-A47E-B141CFFAA234}.Release|Any CPU.ActiveCfg = Release|Any CPU
		{0A532A6A-F095-4C2D-A47E-B141CFFAA234}.Release|Any CPU.Build.0 = Release|Any CPU
		{1FE81C5D-19EB-4F04-8FAE-7A48E751EB58}.Debug|Any CPU.ActiveCfg = Debug|Any CPU
		{1FE81C5D-19EB-4F04-8FAE-7A48E751EB58}.Debug|Any CPU.Build.0 = Debug|Any CPU
		{1FE81C5D-19EB-4F04-8FAE-7A48E751EB58}.Release|Any CPU.ActiveCfg = Release|Any CPU
		{1FE81C5D-19EB-4F04-8FAE-7A48E751EB58}.Release|Any CPU.Build.0 = Release|Any CPU
		{40581050-24EF-44DE-BC7B-030F9262F0CF}.Debug|Any CPU.ActiveCfg = Debug|Any CPU
		{40581050-24EF-44DE-BC7B-030F9262F0CF}.Debug|Any CPU.Build.0 = Debug|Any CPU
		{40581050-24EF-44DE-BC7B-030F9262F0CF}.Release|Any CPU.ActiveCfg = Release|Any CPU
		{40581050-24EF-44DE-BC7B-030F9262F0CF}.Release|Any CPU.Build.0 = Release|Any CPU
		{DBA61CAA-F55B-4EA5-A2FB-D1C87B83ED73}.Debug|Any CPU.ActiveCfg = Debug|Any CPU
		{DBA61CAA-F55B-4EA5-A2FB-D1C87B83ED73}.Debug|Any CPU.Build.0 = Debug|Any CPU
		{DBA61CAA-F55B-4EA5-A2FB-D1C87B83ED73}.Release|Any CPU.ActiveCfg = Release|Any CPU
		{DBA61CAA-F55B-4EA5-A2FB-D1C87B83ED73}.Release|Any CPU.Build.0 = Release|Any CPU
	EndGlobalSection
	GlobalSection(SolutionProperties) = preSolution
		HideSolutionNode = FALSE
	EndGlobalSection
	GlobalSection(NestedProjects) = preSolution
		{73B8B046-72FF-4D9D-98A1-013B18ED7D08} = {A234D02E-92B6-4170-B71E-8F7CC0FCD7B5}
		{0A532A6A-F095-4C2D-A47E-B141CFFAA234} = {A234D02E-92B6-4170-B71E-8F7CC0FCD7B5}
		{1FE81C5D-19EB-4F04-8FAE-7A48E751EB58} = {A6FEDF54-3E9D-43ED-8C83-470FFC48D790}
		{40581050-24EF-44DE-BC7B-030F9262F0CF} = {A6FEDF54-3E9D-43ED-8C83-470FFC48D790}
		{DBA61CAA-F55B-4EA5-A2FB-D1C87B83ED73} = {A6FEDF54-3E9D-43ED-8C83-470FFC48D790}
	EndGlobalSection
	GlobalSection(ExtensibilityGlobals) = postSolution
		SolutionGuid = {A7CCD135-4A97-45C9-BF68-576C5DA8C8CE}
	EndGlobalSection
EndGlobal
